{
  "name": "fsm",
  "version": "1.0.0",
  "lockfileVersion": 1,
  "requires": true,
  "dependencies": {
    "prettier": {
      "version": "2.0.5",
      "resolved": "https://registry.npmjs.org/prettier/-/prettier-2.0.5.tgz",
      "integrity": "sha512-7PtVymN48hGcO4fGjybyBSIWDsLU4H4XlvOHfq91pz9kkGlonzwTfYkaIEwiRg/dAJF9YlbsduBAgtYLi+8cFg==",
      "dev": true
    },
    "ts-primitives": {
      "version": "3.1.0",
      "resolved": "https://registry.npmjs.org/ts-primitives/-/ts-primitives-3.1.0.tgz",
      "integrity": "sha512-hgli4Boisap9eDnhik3uycTK6tTfJof2gO7/icHd5cgjqu63Z7DVhDMWt++R+EXR6VVqNLfHLBLlLHPvPfDZpQ=="
    },
    "typescript": {
      "version": "4.1.0-dev.20200810",
      "resolved": "https://registry.npmjs.org/typescript/-/typescript-4.1.0-dev.20200810.tgz",
      "integrity": "sha512-r7ltOj6omDlIzC1NCTz2rZrydFdyeHfJF+vC8xR/tZGxfaWLKck8MJpzbNLXTRB7lLD7PuxL7JDtppj+MmSgQA==",
      "dev": true
    }
  }
}
